// !$*UTF8*$!
{
	archiveVersion = 1;
	classes = {
	};
	objectVersion = 54;
	objects = {

/* Begin PBXBuildFile section */
		00E356F31AD99517003FC87E /* HugulosaoAppTests.m in Sources */ = {isa = PBXBuildFile; fileRef = 00E356F21AD99517003FC87E /* HugulosaoAppTests.m */; };
		13B07FBC1A68108700A75B9A /* AppDelegate.m in Sources */ = {isa = PBXBuildFile; fileRef = 13B07FB01A68108700A75B9A /* AppDelegate.m */; };
		13B07FBF1A68108700A75B9A /* Images.xcassets in Resources */ = {isa = PBXBuildFile; fileRef = 13B07FB51A68108700A75B9A /* Images.xcassets */; };
		13B07FC11A68108700A75B9A /* main.m in Sources */ = {isa = PBXBuildFile; fileRef = 13B07FB71A68108700A75B9A /* main.m */; };
		6172F2D35A4C3AA820D92908 /* libPods-HugulosaoApp.a in Frameworks */ = {isa = PBXBuildFile; fileRef = 6423831EA8574132BED9D8CC /* libPods-HugulosaoApp.a */; };
		7EF68E3733C33B6898317E18 /* libPods-HugulosaoApp-HugulosaoAppTests.a in Frameworks */ = {isa = PBXBuildFile; fileRef = ABFE59519B596E51CEFDCCC0 /* libPods-HugulosaoApp-HugulosaoAppTests.a */; };
		81AB9BB82411601600AC10FF /* LaunchScreen.storyboard in Resources */ = {isa = PBXBuildFile; fileRef = 81AB9BB72411601600AC10FF /* LaunchScreen.storyboard */; };
		1FEFCF12F27D4C2BBC47263F /* Jost-Black.ttf in Resources */ = {isa = PBXBuildFile; fileRef = DBB831CAC2E541FA82E6EFDF /* Jost-Black.ttf */; };
		B688F2D3FE0F4C7885247F1B /* Jost-BlackItalic.ttf in Resources */ = {isa = PBXBuildFile; fileRef = 0428166C0A04445CA9662283 /* Jost-BlackItalic.ttf */; };
		F4F268647147409890E1201D /* Jost-Bold.ttf in Resources */ = {isa = PBXBuildFile; fileRef = 5D45224B015645CCA3F02D82 /* Jost-Bold.ttf */; };
		EA11A18A265B46A8BC05C979 /* Jost-BoldItalic.ttf in Resources */ = {isa = PBXBuildFile; fileRef = ABC6A6C560074D9EB4F5E6B4 /* Jost-BoldItalic.ttf */; };
		9F00EA5A8AB542A7BE4DBDF7 /* Jost-ExtraBold.ttf in Resources */ = {isa = PBXBuildFile; fileRef = 5B38C855977943548EE3C1D8 /* Jost-ExtraBold.ttf */; };
		2408653CA1734CA6846F1D63 /* Jost-ExtraBoldItalic.ttf in Resources */ = {isa = PBXBuildFile; fileRef = E408527351824689AD6E76CB /* Jost-ExtraBoldItalic.ttf */; };
		66DE88F292DA4128A2B8ABDE /* Jost-ExtraLight.ttf in Resources */ = {isa = PBXBuildFile; fileRef = 98C9E5EA8FC54626A315E869 /* Jost-ExtraLight.ttf */; };
		8E1D555947914FD98CCE4A2F /* Jost-ExtraLightItalic.ttf in Resources */ = {isa = PBXBuildFile; fileRef = B6D250FDB02C4F6096891F0F /* Jost-ExtraLightItalic.ttf */; };
		3AE9E7260A264B0A86F22A94 /* Jost-Italic.ttf in Resources */ = {isa = PBXBuildFile; fileRef = 48274C228B7348D49FE0C101 /* Jost-Italic.ttf */; };
		0C4231584AB546B495DEB24F /* Jost-Light.ttf in Resources */ = {isa = PBXBuildFile; fileRef = BA126CE59AB64ABFBEFCD08D /* Jost-Light.ttf */; };
		6C2AA8D704BB496692707030 /* Jost-LightItalic.ttf in Resources */ = {isa = PBXBuildFile; fileRef = 09BF2D199A9842CEBDFBD060 /* Jost-LightItalic.ttf */; };
		887D5CC5599147F7B22105BD /* Jost-Medium.ttf in Resources */ = {isa = PBXBuildFile; fileRef = 30B6CA685B6040BC8193049D /* Jost-Medium.ttf */; };
		2924A7114B9241A48760A6A7 /* Jost-MediumItalic.ttf in Resources */ = {isa = PBXBuildFile; fileRef = F91911F28CAD4AEEA4123261 /* Jost-MediumItalic.ttf */; };
		C741A3A6BA1644338AE298D0 /* Jost-Regular.ttf in Resources */ = {isa = PBXBuildFile; fileRef = 905E43678F6A4308995138EC /* Jost-Regular.ttf */; };
		4D07F4CF95874AE0B7BF1A3B /* Jost-SemiBold.ttf in Resources */ = {isa = PBXBuildFile; fileRef = CFFA8C549F6E432F9269AB6E /* Jost-SemiBold.ttf */; };
		724FD033177246928B062106 /* Jost-SemiBoldItalic.ttf in Resources */ = {isa = PBXBuildFile; fileRef = 57AD6154E87A45B99A9D725C /* Jost-SemiBoldItalic.ttf */; };
		07D8F9731F794F12911643B7 /* Jost-Thin.ttf in Resources */ = {isa = PBXBuildFile; fileRef = A2762E2861F64CB2ACE48AF3 /* Jost-Thin.ttf */; };
		6B7A4F525AAC4007A81C7605 /* Jost-ThinItalic.ttf in Resources */ = {isa = PBXBuildFile; fileRef = 2E793D673BD84B9E8BB38C5D /* Jost-ThinItalic.ttf */; };
		9D400E63B6E5466EB8B4B87B /* AntDesign.ttf in Resources */ = {isa = PBXBuildFile; fileRef = 4D5A3803F1E54315876E517E /* AntDesign.ttf */; };
		9FD08324B4F94645A591BDD6 /* Entypo.ttf in Resources */ = {isa = PBXBuildFile; fileRef = 42B7A29383D744F48B39A5F3 /* Entypo.ttf */; };
		38C23430465145BC886FBFD1 /* EvilIcons.ttf in Resources */ = {isa = PBXBuildFile; fileRef = 995AF68513BA44EF91CD4C79 /* EvilIcons.ttf */; };
		E309396C7AD644CDB3D0B54E /* Feather.ttf in Resources */ = {isa = PBXBuildFile; fileRef = DD338012175B46E18DF0F1CF /* Feather.ttf */; };
		8FBA597FC1E14A9081DAAEE4 /* FontAwesome.ttf in Resources */ = {isa = PBXBuildFile; fileRef = A338F6FAEDE6447A981EEA0B /* FontAwesome.ttf */; };
		5186EF1D15F248829E330F37 /* FontAwesome5_Brands.ttf in Resources */ = {isa = PBXBuildFile; fileRef = 2C6F7E88784A496EA0613E73 /* FontAwesome5_Brands.ttf */; };
		DABE823920AC472CAA4C68CE /* FontAwesome5_Regular.ttf in Resources */ = {isa = PBXBuildFile; fileRef = 768AEA32561F4D4EB0D5F894 /* FontAwesome5_Regular.ttf */; };
		003668BEFF494D519D510A6E /* FontAwesome5_Solid.ttf in Resources */ = {isa = PBXBuildFile; fileRef = A8462E4C50E94D368268BE6E /* FontAwesome5_Solid.ttf */; };
		481115C06ECD4C3292D2F73B /* Fontisto.ttf in Resources */ = {isa = PBXBuildFile; fileRef = E775EA5FAB18457CA9CA2461 /* Fontisto.ttf */; };
		54C98F3DB9394393AE2E677B /* Foundation.ttf in Resources */ = {isa = PBXBuildFile; fileRef = FA42B1AE16EB462D9E179DC8 /* Foundation.ttf */; };
		7F01F07C6E214978995827A3 /* Ionicons.ttf in Resources */ = {isa = PBXBuildFile; fileRef = 34147B7E2DEB495CBD9ACB79 /* Ionicons.ttf */; };
		13B5EB0BBCA642CBA665E0B4 /* MaterialCommunityIcons.ttf in Resources */ = {isa = PBXBuildFile; fileRef = A3463ECF5F6944749C20F121 /* MaterialCommunityIcons.ttf */; };
		397FD14C07454C3CA460CD3B /* MaterialIcons.ttf in Resources */ = {isa = PBXBuildFile; fileRef = B39159BC548E41178710B6F4 /* MaterialIcons.ttf */; };
		11813583E02C48929AA7820B /* Octicons.ttf in Resources */ = {isa = PBXBuildFile; fileRef = E90EB7C4CFEC489CAD736FF3 /* Octicons.ttf */; };
		D5BEF4B184714B64A2DA33CD /* SimpleLineIcons.ttf in Resources */ = {isa = PBXBuildFile; fileRef = 38AC33695EE74FBBAEF00EC4 /* SimpleLineIcons.ttf */; };
		50012D537B014049A8D5AAD3 /* Zocial.ttf in Resources */ = {isa = PBXBuildFile; fileRef = A05EAC44FFE6440DBC3830E4 /* Zocial.ttf */; };
/* End PBXBuildFile section */

/* Begin PBXContainerItemProxy section */
		00E356F41AD99517003FC87E /* PBXContainerItemProxy */ = {
			isa = PBXContainerItemProxy;
			containerPortal = 83CBB9F71A601CBA00E9B192 /* Project object */;
			proxyType = 1;
			remoteGlobalIDString = 13B07F861A680F5B00A75B9A;
			remoteInfo = HugulosaoApp;
		};
/* End PBXContainerItemProxy section */

/* Begin PBXFileReference section */
		00E356EE1AD99517003FC87E /* HugulosaoAppTests.xctest */ = {isa = PBXFileReference; explicitFileType = wrapper.cfbundle; includeInIndex = 0; path = HugulosaoAppTests.xctest; sourceTree = BUILT_PRODUCTS_DIR; };
		00E356F11AD99517003FC87E /* Info.plist */ = {isa = PBXFileReference; lastKnownFileType = text.plist.xml; path = Info.plist; sourceTree = "<group>"; };
		00E356F21AD99517003FC87E /* HugulosaoAppTests.m */ = {isa = PBXFileReference; lastKnownFileType = sourcecode.c.objc; path = HugulosaoAppTests.m; sourceTree = "<group>"; };
		13B07F961A680F5B00A75B9A /* HugulosaoApp.app */ = {isa = PBXFileReference; explicitFileType = wrapper.application; includeInIndex = 0; path = HugulosaoApp.app; sourceTree = BUILT_PRODUCTS_DIR; };
		13B07FAF1A68108700A75B9A /* AppDelegate.h */ = {isa = PBXFileReference; fileEncoding = 4; lastKnownFileType = sourcecode.c.h; name = AppDelegate.h; path = HugulosaoApp/AppDelegate.h; sourceTree = "<group>"; };
		13B07FB01A68108700A75B9A /* AppDelegate.m */ = {isa = PBXFileReference; fileEncoding = 4; lastKnownFileType = sourcecode.c.objc; name = AppDelegate.m; path = HugulosaoApp/AppDelegate.m; sourceTree = "<group>"; };
		13B07FB51A68108700A75B9A /* Images.xcassets */ = {isa = PBXFileReference; lastKnownFileType = folder.assetcatalog; name = Images.xcassets; path = HugulosaoApp/Images.xcassets; sourceTree = "<group>"; };
		13B07FB61A68108700A75B9A /* Info.plist */ = {isa = PBXFileReference; fileEncoding = 4; lastKnownFileType = text.plist.xml; name = Info.plist; path = HugulosaoApp/Info.plist; sourceTree = "<group>"; };
		13B07FB71A68108700A75B9A /* main.m */ = {isa = PBXFileReference; fileEncoding = 4; lastKnownFileType = sourcecode.c.objc; name = main.m; path = HugulosaoApp/main.m; sourceTree = "<group>"; };
		1D0AE47A65C8663E3B452821 /* Pods-HugulosaoApp-HugulosaoAppTests.release.xcconfig */ = {isa = PBXFileReference; includeInIndex = 1; lastKnownFileType = text.xcconfig; name = "Pods-HugulosaoApp-HugulosaoAppTests.release.xcconfig"; path = "Target Support Files/Pods-HugulosaoApp-HugulosaoAppTests/Pods-HugulosaoApp-HugulosaoAppTests.release.xcconfig"; sourceTree = "<group>"; };
		6423831EA8574132BED9D8CC /* libPods-HugulosaoApp.a */ = {isa = PBXFileReference; explicitFileType = archive.ar; includeInIndex = 0; path = "libPods-HugulosaoApp.a"; sourceTree = BUILT_PRODUCTS_DIR; };
		6C97AB639B58BBB4B15BBE30 /* Pods-HugulosaoApp-HugulosaoAppTests.debug.xcconfig */ = {isa = PBXFileReference; includeInIndex = 1; lastKnownFileType = text.xcconfig; name = "Pods-HugulosaoApp-HugulosaoAppTests.debug.xcconfig"; path = "Target Support Files/Pods-HugulosaoApp-HugulosaoAppTests/Pods-HugulosaoApp-HugulosaoAppTests.debug.xcconfig"; sourceTree = "<group>"; };
		81AB9BB72411601600AC10FF /* LaunchScreen.storyboard */ = {isa = PBXFileReference; fileEncoding = 4; lastKnownFileType = file.storyboard; name = LaunchScreen.storyboard; path = HugulosaoApp/LaunchScreen.storyboard; sourceTree = "<group>"; };
		ABFE59519B596E51CEFDCCC0 /* libPods-HugulosaoApp-HugulosaoAppTests.a */ = {isa = PBXFileReference; explicitFileType = archive.ar; includeInIndex = 0; path = "libPods-HugulosaoApp-HugulosaoAppTests.a"; sourceTree = BUILT_PRODUCTS_DIR; };
		C0A881CF5CF3F2B244570E2A /* Pods-HugulosaoApp.debug.xcconfig */ = {isa = PBXFileReference; includeInIndex = 1; lastKnownFileType = text.xcconfig; name = "Pods-HugulosaoApp.debug.xcconfig"; path = "Target Support Files/Pods-HugulosaoApp/Pods-HugulosaoApp.debug.xcconfig"; sourceTree = "<group>"; };
		D00AAFFCFCFDA5787532823F /* Pods-HugulosaoApp.release.xcconfig */ = {isa = PBXFileReference; includeInIndex = 1; lastKnownFileType = text.xcconfig; name = "Pods-HugulosaoApp.release.xcconfig"; path = "Target Support Files/Pods-HugulosaoApp/Pods-HugulosaoApp.release.xcconfig"; sourceTree = "<group>"; };
		ED297162215061F000B7C4FE /* JavaScriptCore.framework */ = {isa = PBXFileReference; lastKnownFileType = wrapper.framework; name = JavaScriptCore.framework; path = System/Library/Frameworks/JavaScriptCore.framework; sourceTree = SDKROOT; };
		DBB831CAC2E541FA82E6EFDF /* Jost-Black.ttf */ = {isa = PBXFileReference; name = "Jost-Black.ttf"; path = "../assets/fonts/Jost/Jost-Black.ttf"; sourceTree = "<group>"; fileEncoding = undefined; lastKnownFileType = unknown; explicitFileType = undefined; includeInIndex = 0; };
		0428166C0A04445CA9662283 /* Jost-BlackItalic.ttf */ = {isa = PBXFileReference; name = "Jost-BlackItalic.ttf"; path = "../assets/fonts/Jost/Jost-BlackItalic.ttf"; sourceTree = "<group>"; fileEncoding = undefined; lastKnownFileType = unknown; explicitFileType = undefined; includeInIndex = 0; };
		5D45224B015645CCA3F02D82 /* Jost-Bold.ttf */ = {isa = PBXFileReference; name = "Jost-Bold.ttf"; path = "../assets/fonts/Jost/Jost-Bold.ttf"; sourceTree = "<group>"; fileEncoding = undefined; lastKnownFileType = unknown; explicitFileType = undefined; includeInIndex = 0; };
		ABC6A6C560074D9EB4F5E6B4 /* Jost-BoldItalic.ttf */ = {isa = PBXFileReference; name = "Jost-BoldItalic.ttf"; path = "../assets/fonts/Jost/Jost-BoldItalic.ttf"; sourceTree = "<group>"; fileEncoding = undefined; lastKnownFileType = unknown; explicitFileType = undefined; includeInIndex = 0; };
		5B38C855977943548EE3C1D8 /* Jost-ExtraBold.ttf */ = {isa = PBXFileReference; name = "Jost-ExtraBold.ttf"; path = "../assets/fonts/Jost/Jost-ExtraBold.ttf"; sourceTree = "<group>"; fileEncoding = undefined; lastKnownFileType = unknown; explicitFileType = undefined; includeInIndex = 0; };
		E408527351824689AD6E76CB /* Jost-ExtraBoldItalic.ttf */ = {isa = PBXFileReference; name = "Jost-ExtraBoldItalic.ttf"; path = "../assets/fonts/Jost/Jost-ExtraBoldItalic.ttf"; sourceTree = "<group>"; fileEncoding = undefined; lastKnownFileType = unknown; explicitFileType = undefined; includeInIndex = 0; };
		98C9E5EA8FC54626A315E869 /* Jost-ExtraLight.ttf */ = {isa = PBXFileReference; name = "Jost-ExtraLight.ttf"; path = "../assets/fonts/Jost/Jost-ExtraLight.ttf"; sourceTree = "<group>"; fileEncoding = undefined; lastKnownFileType = unknown; explicitFileType = undefined; includeInIndex = 0; };
		B6D250FDB02C4F6096891F0F /* Jost-ExtraLightItalic.ttf */ = {isa = PBXFileReference; name = "Jost-ExtraLightItalic.ttf"; path = "../assets/fonts/Jost/Jost-ExtraLightItalic.ttf"; sourceTree = "<group>"; fileEncoding = undefined; lastKnownFileType = unknown; explicitFileType = undefined; includeInIndex = 0; };
		48274C228B7348D49FE0C101 /* Jost-Italic.ttf */ = {isa = PBXFileReference; name = "Jost-Italic.ttf"; path = "../assets/fonts/Jost/Jost-Italic.ttf"; sourceTree = "<group>"; fileEncoding = undefined; lastKnownFileType = unknown; explicitFileType = undefined; includeInIndex = 0; };
		BA126CE59AB64ABFBEFCD08D /* Jost-Light.ttf */ = {isa = PBXFileReference; name = "Jost-Light.ttf"; path = "../assets/fonts/Jost/Jost-Light.ttf"; sourceTree = "<group>"; fileEncoding = undefined; lastKnownFileType = unknown; explicitFileType = undefined; includeInIndex = 0; };
		09BF2D199A9842CEBDFBD060 /* Jost-LightItalic.ttf */ = {isa = PBXFileReference; name = "Jost-LightItalic.ttf"; path = "../assets/fonts/Jost/Jost-LightItalic.ttf"; sourceTree = "<group>"; fileEncoding = undefined; lastKnownFileType = unknown; explicitFileType = undefined; includeInIndex = 0; };
		30B6CA685B6040BC8193049D /* Jost-Medium.ttf */ = {isa = PBXFileReference; name = "Jost-Medium.ttf"; path = "../assets/fonts/Jost/Jost-Medium.ttf"; sourceTree = "<group>"; fileEncoding = undefined; lastKnownFileType = unknown; explicitFileType = undefined; includeInIndex = 0; };
		F91911F28CAD4AEEA4123261 /* Jost-MediumItalic.ttf */ = {isa = PBXFileReference; name = "Jost-MediumItalic.ttf"; path = "../assets/fonts/Jost/Jost-MediumItalic.ttf"; sourceTree = "<group>"; fileEncoding = undefined; lastKnownFileType = unknown; explicitFileType = undefined; includeInIndex = 0; };
		905E43678F6A4308995138EC /* Jost-Regular.ttf */ = {isa = PBXFileReference; name = "Jost-Regular.ttf"; path = "../assets/fonts/Jost/Jost-Regular.ttf"; sourceTree = "<group>"; fileEncoding = undefined; lastKnownFileType = unknown; explicitFileType = undefined; includeInIndex = 0; };
		CFFA8C549F6E432F9269AB6E /* Jost-SemiBold.ttf */ = {isa = PBXFileReference; name = "Jost-SemiBold.ttf"; path = "../assets/fonts/Jost/Jost-SemiBold.ttf"; sourceTree = "<group>"; fileEncoding = undefined; lastKnownFileType = unknown; explicitFileType = undefined; includeInIndex = 0; };
		57AD6154E87A45B99A9D725C /* Jost-SemiBoldItalic.ttf */ = {isa = PBXFileReference; name = "Jost-SemiBoldItalic.ttf"; path = "../assets/fonts/Jost/Jost-SemiBoldItalic.ttf"; sourceTree = "<group>"; fileEncoding = undefined; lastKnownFileType = unknown; explicitFileType = undefined; includeInIndex = 0; };
		A2762E2861F64CB2ACE48AF3 /* Jost-Thin.ttf */ = {isa = PBXFileReference; name = "Jost-Thin.ttf"; path = "../assets/fonts/Jost/Jost-Thin.ttf"; sourceTree = "<group>"; fileEncoding = undefined; lastKnownFileType = unknown; explicitFileType = undefined; includeInIndex = 0; };
		2E793D673BD84B9E8BB38C5D /* Jost-ThinItalic.ttf */ = {isa = PBXFileReference; name = "Jost-ThinItalic.ttf"; path = "../assets/fonts/Jost/Jost-ThinItalic.ttf"; sourceTree = "<group>"; fileEncoding = undefined; lastKnownFileType = unknown; explicitFileType = undefined; includeInIndex = 0; };
		4D5A3803F1E54315876E517E /* AntDesign.ttf */ = {isa = PBXFileReference; name = "AntDesign.ttf"; path = "../node_modules/react-native-vector-icons/Fonts/AntDesign.ttf"; sourceTree = "<group>"; fileEncoding = undefined; lastKnownFileType = unknown; explicitFileType = undefined; includeInIndex = 0; };
		42B7A29383D744F48B39A5F3 /* Entypo.ttf */ = {isa = PBXFileReference; name = "Entypo.ttf"; path = "../node_modules/react-native-vector-icons/Fonts/Entypo.ttf"; sourceTree = "<group>"; fileEncoding = undefined; lastKnownFileType = unknown; explicitFileType = undefined; includeInIndex = 0; };
		995AF68513BA44EF91CD4C79 /* EvilIcons.ttf */ = {isa = PBXFileReference; name = "EvilIcons.ttf"; path = "../node_modules/react-native-vector-icons/Fonts/EvilIcons.ttf"; sourceTree = "<group>"; fileEncoding = undefined; lastKnownFileType = unknown; explicitFileType = undefined; includeInIndex = 0; };
		DD338012175B46E18DF0F1CF /* Feather.ttf */ = {isa = PBXFileReference; name = "Feather.ttf"; path = "../node_modules/react-native-vector-icons/Fonts/Feather.ttf"; sourceTree = "<group>"; fileEncoding = undefined; lastKnownFileType = unknown; explicitFileType = undefined; includeInIndex = 0; };
		A338F6FAEDE6447A981EEA0B /* FontAwesome.ttf */ = {isa = PBXFileReference; name = "FontAwesome.ttf"; path = "../node_modules/react-native-vector-icons/Fonts/FontAwesome.ttf"; sourceTree = "<group>"; fileEncoding = undefined; lastKnownFileType = unknown; explicitFileType = undefined; includeInIndex = 0; };
		2C6F7E88784A496EA0613E73 /* FontAwesome5_Brands.ttf */ = {isa = PBXFileReference; name = "FontAwesome5_Brands.ttf"; path = "../node_modules/react-native-vector-icons/Fonts/FontAwesome5_Brands.ttf"; sourceTree = "<group>"; fileEncoding = undefined; lastKnownFileType = unknown; explicitFileType = undefined; includeInIndex = 0; };
		768AEA32561F4D4EB0D5F894 /* FontAwesome5_Regular.ttf */ = {isa = PBXFileReference; name = "FontAwesome5_Regular.ttf"; path = "../node_modules/react-native-vector-icons/Fonts/FontAwesome5_Regular.ttf"; sourceTree = "<group>"; fileEncoding = undefined; lastKnownFileType = unknown; explicitFileType = undefined; includeInIndex = 0; };
		A8462E4C50E94D368268BE6E /* FontAwesome5_Solid.ttf */ = {isa = PBXFileReference; name = "FontAwesome5_Solid.ttf"; path = "../node_modules/react-native-vector-icons/Fonts/FontAwesome5_Solid.ttf"; sourceTree = "<group>"; fileEncoding = undefined; lastKnownFileType = unknown; explicitFileType = undefined; includeInIndex = 0; };
		E775EA5FAB18457CA9CA2461 /* Fontisto.ttf */ = {isa = PBXFileReference; name = "Fontisto.ttf"; path = "../node_modules/react-native-vector-icons/Fonts/Fontisto.ttf"; sourceTree = "<group>"; fileEncoding = undefined; lastKnownFileType = unknown; explicitFileType = undefined; includeInIndex = 0; };
		FA42B1AE16EB462D9E179DC8 /* Foundation.ttf */ = {isa = PBXFileReference; name = "Foundation.ttf"; path = "../node_modules/react-native-vector-icons/Fonts/Foundation.ttf"; sourceTree = "<group>"; fileEncoding = undefined; lastKnownFileType = unknown; explicitFileType = undefined; includeInIndex = 0; };
		34147B7E2DEB495CBD9ACB79 /* Ionicons.ttf */ = {isa = PBXFileReference; name = "Ionicons.ttf"; path = "../node_modules/react-native-vector-icons/Fonts/Ionicons.ttf"; sourceTree = "<group>"; fileEncoding = undefined; lastKnownFileType = unknown; explicitFileType = undefined; includeInIndex = 0; };
		A3463ECF5F6944749C20F121 /* MaterialCommunityIcons.ttf */ = {isa = PBXFileReference; name = "MaterialCommunityIcons.ttf"; path = "../node_modules/react-native-vector-icons/Fonts/MaterialCommunityIcons.ttf"; sourceTree = "<group>"; fileEncoding = undefined; lastKnownFileType = unknown; explicitFileType = undefined; includeInIndex = 0; };
		B39159BC548E41178710B6F4 /* MaterialIcons.ttf */ = {isa = PBXFileReference; name = "MaterialIcons.ttf"; path = "../node_modules/react-native-vector-icons/Fonts/MaterialIcons.ttf"; sourceTree = "<group>"; fileEncoding = undefined; lastKnownFileType = unknown; explicitFileType = undefined; includeInIndex = 0; };
		E90EB7C4CFEC489CAD736FF3 /* Octicons.ttf */ = {isa = PBXFileReference; name = "Octicons.ttf"; path = "../node_modules/react-native-vector-icons/Fonts/Octicons.ttf"; sourceTree = "<group>"; fileEncoding = undefined; lastKnownFileType = unknown; explicitFileType = undefined; includeInIndex = 0; };
		38AC33695EE74FBBAEF00EC4 /* SimpleLineIcons.ttf */ = {isa = PBXFileReference; name = "SimpleLineIcons.ttf"; path = "../node_modules/react-native-vector-icons/Fonts/SimpleLineIcons.ttf"; sourceTree = "<group>"; fileEncoding = undefined; lastKnownFileType = unknown; explicitFileType = undefined; includeInIndex = 0; };
		A05EAC44FFE6440DBC3830E4 /* Zocial.ttf */ = {isa = PBXFileReference; name = "Zocial.ttf"; path = "../node_modules/react-native-vector-icons/Fonts/Zocial.ttf"; sourceTree = "<group>"; fileEncoding = undefined; lastKnownFileType = unknown; explicitFileType = undefined; includeInIndex = 0; };
/* End PBXFileReference section */

/* Begin PBXFrameworksBuildPhase section */
		00E356EB1AD99517003FC87E /* Frameworks */ = {
			isa = PBXFrameworksBuildPhase;
			buildActionMask = 2147483647;
			files = (
				7EF68E3733C33B6898317E18 /* libPods-HugulosaoApp-HugulosaoAppTests.a in Frameworks */,
			);
			runOnlyForDeploymentPostprocessing = 0;
		};
		13B07F8C1A680F5B00A75B9A /* Frameworks */ = {
			isa = PBXFrameworksBuildPhase;
			buildActionMask = 2147483647;
			files = (
				6172F2D35A4C3AA820D92908 /* libPods-HugulosaoApp.a in Frameworks */,
			);
			runOnlyForDeploymentPostprocessing = 0;
		};
/* End PBXFrameworksBuildPhase section */

/* Begin PBXGroup section */
		00E356EF1AD99517003FC87E /* HugulosaoAppTests */ = {
			isa = PBXGroup;
			children = (
				00E356F21AD99517003FC87E /* HugulosaoAppTests.m */,
				00E356F01AD99517003FC87E /* Supporting Files */,
			);
			path = HugulosaoAppTests;
			sourceTree = "<group>";
		};
		00E356F01AD99517003FC87E /* Supporting Files */ = {
			isa = PBXGroup;
			children = (
				00E356F11AD99517003FC87E /* Info.plist */,
			);
			name = "Supporting Files";
			sourceTree = "<group>";
		};
		13B07FAE1A68108700A75B9A /* HugulosaoApp */ = {
			isa = PBXGroup;
			children = (
				13B07FAF1A68108700A75B9A /* AppDelegate.h */,
				13B07FB01A68108700A75B9A /* AppDelegate.m */,
				13B07FB51A68108700A75B9A /* Images.xcassets */,
				13B07FB61A68108700A75B9A /* Info.plist */,
				81AB9BB72411601600AC10FF /* LaunchScreen.storyboard */,
				13B07FB71A68108700A75B9A /* main.m */,
			);
			name = HugulosaoApp;
			sourceTree = "<group>";
		};
		2D16E6871FA4F8E400B85C8A /* Frameworks */ = {
			isa = PBXGroup;
			children = (
				ED297162215061F000B7C4FE /* JavaScriptCore.framework */,
				6423831EA8574132BED9D8CC /* libPods-HugulosaoApp.a */,
				ABFE59519B596E51CEFDCCC0 /* libPods-HugulosaoApp-HugulosaoAppTests.a */,
			);
			name = Frameworks;
			sourceTree = "<group>";
		};
		832341AE1AAA6A7D00B99B32 /* Libraries */ = {
			isa = PBXGroup;
			children = (
			);
			name = Libraries;
			sourceTree = "<group>";
		};
		83CBB9F61A601CBA00E9B192 = {
			isa = PBXGroup;
			children = (
				13B07FAE1A68108700A75B9A /* HugulosaoApp */,
				832341AE1AAA6A7D00B99B32 /* Libraries */,
				00E356EF1AD99517003FC87E /* HugulosaoAppTests */,
				83CBBA001A601CBA00E9B192 /* Products */,
				2D16E6871FA4F8E400B85C8A /* Frameworks */,
				E233CBF5F47BEE60B243DCF8 /* Pods */,
				84FF607BA0474B8D8F7822DA /* Resources */,
			);
			indentWidth = 2;
			sourceTree = "<group>";
			tabWidth = 2;
			usesTabs = 0;
		};
		83CBBA001A601CBA00E9B192 /* Products */ = {
			isa = PBXGroup;
			children = (
				13B07F961A680F5B00A75B9A /* HugulosaoApp.app */,
				00E356EE1AD99517003FC87E /* HugulosaoAppTests.xctest */,
			);
			name = Products;
			sourceTree = "<group>";
		};
		E233CBF5F47BEE60B243DCF8 /* Pods */ = {
			isa = PBXGroup;
			children = (
				C0A881CF5CF3F2B244570E2A /* Pods-HugulosaoApp.debug.xcconfig */,
				D00AAFFCFCFDA5787532823F /* Pods-HugulosaoApp.release.xcconfig */,
				6C97AB639B58BBB4B15BBE30 /* Pods-HugulosaoApp-HugulosaoAppTests.debug.xcconfig */,
				1D0AE47A65C8663E3B452821 /* Pods-HugulosaoApp-HugulosaoAppTests.release.xcconfig */,
			);
			name = Pods;
			path = Pods;
			sourceTree = "<group>";
		};
		84FF607BA0474B8D8F7822DA /* Resources */ = {
			isa = "PBXGroup";
			children = (
				DBB831CAC2E541FA82E6EFDF /* Jost-Black.ttf */,
				0428166C0A04445CA9662283 /* Jost-BlackItalic.ttf */,
				5D45224B015645CCA3F02D82 /* Jost-Bold.ttf */,
				ABC6A6C560074D9EB4F5E6B4 /* Jost-BoldItalic.ttf */,
				5B38C855977943548EE3C1D8 /* Jost-ExtraBold.ttf */,
				E408527351824689AD6E76CB /* Jost-ExtraBoldItalic.ttf */,
				98C9E5EA8FC54626A315E869 /* Jost-ExtraLight.ttf */,
				B6D250FDB02C4F6096891F0F /* Jost-ExtraLightItalic.ttf */,
				48274C228B7348D49FE0C101 /* Jost-Italic.ttf */,
				BA126CE59AB64ABFBEFCD08D /* Jost-Light.ttf */,
				09BF2D199A9842CEBDFBD060 /* Jost-LightItalic.ttf */,
				30B6CA685B6040BC8193049D /* Jost-Medium.ttf */,
				F91911F28CAD4AEEA4123261 /* Jost-MediumItalic.ttf */,
				905E43678F6A4308995138EC /* Jost-Regular.ttf */,
				CFFA8C549F6E432F9269AB6E /* Jost-SemiBold.ttf */,
				57AD6154E87A45B99A9D725C /* Jost-SemiBoldItalic.ttf */,
				A2762E2861F64CB2ACE48AF3 /* Jost-Thin.ttf */,
				2E793D673BD84B9E8BB38C5D /* Jost-ThinItalic.ttf */,
				4D5A3803F1E54315876E517E /* AntDesign.ttf */,
				42B7A29383D744F48B39A5F3 /* Entypo.ttf */,
				995AF68513BA44EF91CD4C79 /* EvilIcons.ttf */,
				DD338012175B46E18DF0F1CF /* Feather.ttf */,
				A338F6FAEDE6447A981EEA0B /* FontAwesome.ttf */,
				2C6F7E88784A496EA0613E73 /* FontAwesome5_Brands.ttf */,
				768AEA32561F4D4EB0D5F894 /* FontAwesome5_Regular.ttf */,
				A8462E4C50E94D368268BE6E /* FontAwesome5_Solid.ttf */,
				E775EA5FAB18457CA9CA2461 /* Fontisto.ttf */,
				FA42B1AE16EB462D9E179DC8 /* Foundation.ttf */,
				34147B7E2DEB495CBD9ACB79 /* Ionicons.ttf */,
				A3463ECF5F6944749C20F121 /* MaterialCommunityIcons.ttf */,
				B39159BC548E41178710B6F4 /* MaterialIcons.ttf */,
				E90EB7C4CFEC489CAD736FF3 /* Octicons.ttf */,
				38AC33695EE74FBBAEF00EC4 /* SimpleLineIcons.ttf */,
				A05EAC44FFE6440DBC3830E4 /* Zocial.ttf */,
			);
			name = Resources;
			sourceTree = "<group>";
			path = "";
		};
/* End PBXGroup section */

/* Begin PBXNativeTarget section */
		00E356ED1AD99517003FC87E /* HugulosaoAppTests */ = {
			isa = PBXNativeTarget;
			buildConfigurationList = 00E357021AD99517003FC87E /* Build configuration list for PBXNativeTarget "HugulosaoAppTests" */;
			buildPhases = (
				A130D646172E58E1D159D8F2 /* [CP] Check Pods Manifest.lock */,
				00E356EA1AD99517003FC87E /* Sources */,
				00E356EB1AD99517003FC87E /* Frameworks */,
				00E356EC1AD99517003FC87E /* Resources */,
				077E01280D4B4AD18B2E1770 /* [CP] Embed Pods Frameworks */,
				4E62BDF20514810D028A5FBF /* [CP] Copy Pods Resources */,
			);
			buildRules = (
			);
			dependencies = (
				00E356F51AD99517003FC87E /* PBXTargetDependency */,
			);
			name = HugulosaoAppTests;
			productName = HugulosaoAppTests;
			productReference = 00E356EE1AD99517003FC87E /* HugulosaoAppTests.xctest */;
			productType = "com.apple.product-type.bundle.unit-test";
		};
		13B07F861A680F5B00A75B9A /* HugulosaoApp */ = {
			isa = PBXNativeTarget;
			buildConfigurationList = 13B07F931A680F5B00A75B9A /* Build configuration list for PBXNativeTarget "HugulosaoApp" */;
			buildPhases = (
				3E482C27206C4DEF2FE45063 /* [CP] Check Pods Manifest.lock */,
				FD10A7F022414F080027D42C /* Start Packager */,
				13B07F871A680F5B00A75B9A /* Sources */,
				13B07F8C1A680F5B00A75B9A /* Frameworks */,
				13B07F8E1A680F5B00A75B9A /* Resources */,
				00DD1BFF1BD5951E006B06BC /* Bundle React Native code and images */,
				C8AC78B0264D0F9F6F6D630E /* [CP] Embed Pods Frameworks */,
				ADC9DDC32298B72B3CF5DC8E /* [CP] Copy Pods Resources */,
			);
			buildRules = (
			);
			dependencies = (
			);
			name = HugulosaoApp;
			productName = HugulosaoApp;
			productReference = 13B07F961A680F5B00A75B9A /* HugulosaoApp.app */;
			productType = "com.apple.product-type.application";
		};
/* End PBXNativeTarget section */

/* Begin PBXProject section */
		83CBB9F71A601CBA00E9B192 /* Project object */ = {
			isa = PBXProject;
			attributes = {
				LastUpgradeCheck = 1210;
				TargetAttributes = {
					00E356ED1AD99517003FC87E = {
						CreatedOnToolsVersion = 6.2;
						TestTargetID = 13B07F861A680F5B00A75B9A;
					};
					13B07F861A680F5B00A75B9A = {
						LastSwiftMigration = 1120;
					};
				};
			};
			buildConfigurationList = 83CBB9FA1A601CBA00E9B192 /* Build configuration list for PBXProject "HugulosaoApp" */;
			compatibilityVersion = "Xcode 12.0";
			developmentRegion = en;
			hasScannedForEncodings = 0;
			knownRegions = (
				en,
				Base,
			);
			mainGroup = 83CBB9F61A601CBA00E9B192;
			productRefGroup = 83CBBA001A601CBA00E9B192 /* Products */;
			projectDirPath = "";
			projectRoot = "";
			targets = (
				13B07F861A680F5B00A75B9A /* HugulosaoApp */,
				00E356ED1AD99517003FC87E /* HugulosaoAppTests */,
			);
		};
/* End PBXProject section */

/* Begin PBXResourcesBuildPhase section */
		00E356EC1AD99517003FC87E /* Resources */ = {
			isa = PBXResourcesBuildPhase;
			buildActionMask = 2147483647;
			files = (
			);
			runOnlyForDeploymentPostprocessing = 0;
		};
		13B07F8E1A680F5B00A75B9A /* Resources */ = {
			isa = PBXResourcesBuildPhase;
			buildActionMask = 2147483647;
			files = (
				81AB9BB82411601600AC10FF /* LaunchScreen.storyboard in Resources */,
				13B07FBF1A68108700A75B9A /* Images.xcassets in Resources */,
				1FEFCF12F27D4C2BBC47263F /* Jost-Black.ttf in Resources */,
				B688F2D3FE0F4C7885247F1B /* Jost-BlackItalic.ttf in Resources */,
				F4F268647147409890E1201D /* Jost-Bold.ttf in Resources */,
				EA11A18A265B46A8BC05C979 /* Jost-BoldItalic.ttf in Resources */,
				9F00EA5A8AB542A7BE4DBDF7 /* Jost-ExtraBold.ttf in Resources */,
				2408653CA1734CA6846F1D63 /* Jost-ExtraBoldItalic.ttf in Resources */,
				66DE88F292DA4128A2B8ABDE /* Jost-ExtraLight.ttf in Resources */,
				8E1D555947914FD98CCE4A2F /* Jost-ExtraLightItalic.ttf in Resources */,
				3AE9E7260A264B0A86F22A94 /* Jost-Italic.ttf in Resources */,
				0C4231584AB546B495DEB24F /* Jost-Light.ttf in Resources */,
				6C2AA8D704BB496692707030 /* Jost-LightItalic.ttf in Resources */,
				887D5CC5599147F7B22105BD /* Jost-Medium.ttf in Resources */,
				2924A7114B9241A48760A6A7 /* Jost-MediumItalic.ttf in Resources */,
				C741A3A6BA1644338AE298D0 /* Jost-Regular.ttf in Resources */,
				4D07F4CF95874AE0B7BF1A3B /* Jost-SemiBold.ttf in Resources */,
				724FD033177246928B062106 /* Jost-SemiBoldItalic.ttf in Resources */,
				07D8F9731F794F12911643B7 /* Jost-Thin.ttf in Resources */,
				6B7A4F525AAC4007A81C7605 /* Jost-ThinItalic.ttf in Resources */,
				9D400E63B6E5466EB8B4B87B /* AntDesign.ttf in Resources */,
				9FD08324B4F94645A591BDD6 /* Entypo.ttf in Resources */,
				38C23430465145BC886FBFD1 /* EvilIcons.ttf in Resources */,
				E309396C7AD644CDB3D0B54E /* Feather.ttf in Resources */,
				8FBA597FC1E14A9081DAAEE4 /* FontAwesome.ttf in Resources */,
				5186EF1D15F248829E330F37 /* FontAwesome5_Brands.ttf in Resources */,
				DABE823920AC472CAA4C68CE /* FontAwesome5_Regular.ttf in Resources */,
				003668BEFF494D519D510A6E /* FontAwesome5_Solid.ttf in Resources */,
				481115C06ECD4C3292D2F73B /* Fontisto.ttf in Resources */,
				54C98F3DB9394393AE2E677B /* Foundation.ttf in Resources */,
				7F01F07C6E214978995827A3 /* Ionicons.ttf in Resources */,
				13B5EB0BBCA642CBA665E0B4 /* MaterialCommunityIcons.ttf in Resources */,
				397FD14C07454C3CA460CD3B /* MaterialIcons.ttf in Resources */,
				11813583E02C48929AA7820B /* Octicons.ttf in Resources */,
				D5BEF4B184714B64A2DA33CD /* SimpleLineIcons.ttf in Resources */,
				50012D537B014049A8D5AAD3 /* Zocial.ttf in Resources */,
			);
			runOnlyForDeploymentPostprocessing = 0;
		};
/* End PBXResourcesBuildPhase section */

/* Begin PBXShellScriptBuildPhase section */
		00DD1BFF1BD5951E006B06BC /* Bundle React Native code and images */ = {
			isa = PBXShellScriptBuildPhase;
			buildActionMask = 2147483647;
			files = (
			);
			inputPaths = (
			);
			name = "Bundle React Native code and images";
			outputPaths = (
			);
			runOnlyForDeploymentPostprocessing = 0;
			shellPath = /bin/sh;
			shellScript = "set -e\n\nexport NODE_BINARY=node\n../node_modules/react-native/scripts/react-native-xcode.sh\n";
		};
		077E01280D4B4AD18B2E1770 /* [CP] Embed Pods Frameworks */ = {
			isa = PBXShellScriptBuildPhase;
			buildActionMask = 2147483647;
			files = (
			);
			inputFileListPaths = (
				"${PODS_ROOT}/Target Support Files/Pods-HugulosaoApp-HugulosaoAppTests/Pods-HugulosaoApp-HugulosaoAppTests-frameworks-${CONFIGURATION}-input-files.xcfilelist",
			);
			name = "[CP] Embed Pods Frameworks";
			outputFileListPaths = (
				"${PODS_ROOT}/Target Support Files/Pods-HugulosaoApp-HugulosaoAppTests/Pods-HugulosaoApp-HugulosaoAppTests-frameworks-${CONFIGURATION}-output-files.xcfilelist",
			);
			runOnlyForDeploymentPostprocessing = 0;
			shellPath = /bin/sh;
			shellScript = "\"${PODS_ROOT}/Target Support Files/Pods-HugulosaoApp-HugulosaoAppTests/Pods-HugulosaoApp-HugulosaoAppTests-frameworks.sh\"\n";
			showEnvVarsInLog = 0;
		};
		3E482C27206C4DEF2FE45063 /* [CP] Check Pods Manifest.lock */ = {
			isa = PBXShellScriptBuildPhase;
			buildActionMask = 2147483647;
			files = (
			);
			inputFileListPaths = (
			);
			inputPaths = (
				"${PODS_PODFILE_DIR_PATH}/Podfile.lock",
				"${PODS_ROOT}/Manifest.lock",
			);
			name = "[CP] Check Pods Manifest.lock";
			outputFileListPaths = (
			);
			outputPaths = (
				"$(DERIVED_FILE_DIR)/Pods-HugulosaoApp-checkManifestLockResult.txt",
			);
			runOnlyForDeploymentPostprocessing = 0;
			shellPath = /bin/sh;
			shellScript = "diff \"${PODS_PODFILE_DIR_PATH}/Podfile.lock\" \"${PODS_ROOT}/Manifest.lock\" > /dev/null\nif [ $? != 0 ] ; then\n    # print error to STDERR\n    echo \"error: The sandbox is not in sync with the Podfile.lock. Run 'pod install' or update your CocoaPods installation.\" >&2\n    exit 1\nfi\n# This output is used by Xcode 'outputs' to avoid re-running this script phase.\necho \"SUCCESS\" > \"${SCRIPT_OUTPUT_FILE_0}\"\n";
			showEnvVarsInLog = 0;
		};
		4E62BDF20514810D028A5FBF /* [CP] Copy Pods Resources */ = {
			isa = PBXShellScriptBuildPhase;
			buildActionMask = 2147483647;
			files = (
			);
			inputFileListPaths = (
				"${PODS_ROOT}/Target Support Files/Pods-HugulosaoApp-HugulosaoAppTests/Pods-HugulosaoApp-HugulosaoAppTests-resources-${CONFIGURATION}-input-files.xcfilelist",
			);
			name = "[CP] Copy Pods Resources";
			outputFileListPaths = (
				"${PODS_ROOT}/Target Support Files/Pods-HugulosaoApp-HugulosaoAppTests/Pods-HugulosaoApp-HugulosaoAppTests-resources-${CONFIGURATION}-output-files.xcfilelist",
			);
			runOnlyForDeploymentPostprocessing = 0;
			shellPath = /bin/sh;
			shellScript = "\"${PODS_ROOT}/Target Support Files/Pods-HugulosaoApp-HugulosaoAppTests/Pods-HugulosaoApp-HugulosaoAppTests-resources.sh\"\n";
			showEnvVarsInLog = 0;
		};
		A130D646172E58E1D159D8F2 /* [CP] Check Pods Manifest.lock */ = {
			isa = PBXShellScriptBuildPhase;
			buildActionMask = 2147483647;
			files = (
			);
			inputFileListPaths = (
			);
			inputPaths = (
				"${PODS_PODFILE_DIR_PATH}/Podfile.lock",
				"${PODS_ROOT}/Manifest.lock",
			);
			name = "[CP] Check Pods Manifest.lock";
			outputFileListPaths = (
			);
			outputPaths = (
				"$(DERIVED_FILE_DIR)/Pods-HugulosaoApp-HugulosaoAppTests-checkManifestLockResult.txt",
			);
			runOnlyForDeploymentPostprocessing = 0;
			shellPath = /bin/sh;
			shellScript = "diff \"${PODS_PODFILE_DIR_PATH}/Podfile.lock\" \"${PODS_ROOT}/Manifest.lock\" > /dev/null\nif [ $? != 0 ] ; then\n    # print error to STDERR\n    echo \"error: The sandbox is not in sync with the Podfile.lock. Run 'pod install' or update your CocoaPods installation.\" >&2\n    exit 1\nfi\n# This output is used by Xcode 'outputs' to avoid re-running this script phase.\necho \"SUCCESS\" > \"${SCRIPT_OUTPUT_FILE_0}\"\n";
			showEnvVarsInLog = 0;
		};
		ADC9DDC32298B72B3CF5DC8E /* [CP] Copy Pods Resources */ = {
			isa = PBXShellScriptBuildPhase;
			buildActionMask = 2147483647;
			files = (
			);
			inputFileListPaths = (
				"${PODS_ROOT}/Target Support Files/Pods-HugulosaoApp/Pods-HugulosaoApp-resources-${CONFIGURATION}-input-files.xcfilelist",
			);
			name = "[CP] Copy Pods Resources";
			outputFileListPaths = (
				"${PODS_ROOT}/Target Support Files/Pods-HugulosaoApp/Pods-HugulosaoApp-resources-${CONFIGURATION}-output-files.xcfilelist",
			);
			runOnlyForDeploymentPostprocessing = 0;
			shellPath = /bin/sh;
			shellScript = "\"${PODS_ROOT}/Target Support Files/Pods-HugulosaoApp/Pods-HugulosaoApp-resources.sh\"\n";
			showEnvVarsInLog = 0;
		};
		C8AC78B0264D0F9F6F6D630E /* [CP] Embed Pods Frameworks */ = {
			isa = PBXShellScriptBuildPhase;
			buildActionMask = 2147483647;
			files = (
			);
			inputFileListPaths = (
				"${PODS_ROOT}/Target Support Files/Pods-HugulosaoApp/Pods-HugulosaoApp-frameworks-${CONFIGURATION}-input-files.xcfilelist",
			);
			name = "[CP] Embed Pods Frameworks";
			outputFileListPaths = (
				"${PODS_ROOT}/Target Support Files/Pods-HugulosaoApp/Pods-HugulosaoApp-frameworks-${CONFIGURATION}-output-files.xcfilelist",
			);
			runOnlyForDeploymentPostprocessing = 0;
			shellPath = /bin/sh;
			shellScript = "\"${PODS_ROOT}/Target Support Files/Pods-HugulosaoApp/Pods-HugulosaoApp-frameworks.sh\"\n";
			showEnvVarsInLog = 0;
		};
		FD10A7F022414F080027D42C /* Start Packager */ = {
			isa = PBXShellScriptBuildPhase;
			buildActionMask = 2147483647;
			files = (
			);
			inputFileListPaths = (
			);
			inputPaths = (
			);
			name = "Start Packager";
			outputFileListPaths = (
			);
			outputPaths = (
			);
			runOnlyForDeploymentPostprocessing = 0;
			shellPath = /bin/sh;
			shellScript = "export RCT_METRO_PORT=\"${RCT_METRO_PORT:=8081}\"\necho \"export RCT_METRO_PORT=${RCT_METRO_PORT}\" > \"${SRCROOT}/../node_modules/react-native/scripts/.packager.env\"\nif [ -z \"${RCT_NO_LAUNCH_PACKAGER+xxx}\" ] ; then\n  if nc -w 5 -z localhost ${RCT_METRO_PORT} ; then\n    if ! curl -s \"http://localhost:${RCT_METRO_PORT}/status\" | grep -q \"packager-status:running\" ; then\n      echo \"Port ${RCT_METRO_PORT} already in use, packager is either not running or not running correctly\"\n      exit 2\n    fi\n  else\n    open \"$SRCROOT/../node_modules/react-native/scripts/launchPackager.command\" || echo \"Can't start packager automatically\"\n  fi\nfi\n";
			showEnvVarsInLog = 0;
		};
/* End PBXShellScriptBuildPhase section */

/* Begin PBXSourcesBuildPhase section */
		00E356EA1AD99517003FC87E /* Sources */ = {
			isa = PBXSourcesBuildPhase;
			buildActionMask = 2147483647;
			files = (
				00E356F31AD99517003FC87E /* HugulosaoAppTests.m in Sources */,
			);
			runOnlyForDeploymentPostprocessing = 0;
		};
		13B07F871A680F5B00A75B9A /* Sources */ = {
			isa = PBXSourcesBuildPhase;
			buildActionMask = 2147483647;
			files = (
				13B07FBC1A68108700A75B9A /* AppDelegate.m in Sources */,
				13B07FC11A68108700A75B9A /* main.m in Sources */,
			);
			runOnlyForDeploymentPostprocessing = 0;
		};
/* End PBXSourcesBuildPhase section */

/* Begin PBXTargetDependency section */
		00E356F51AD99517003FC87E /* PBXTargetDependency */ = {
			isa = PBXTargetDependency;
			target = 13B07F861A680F5B00A75B9A /* HugulosaoApp */;
			targetProxy = 00E356F41AD99517003FC87E /* PBXContainerItemProxy */;
		};
/* End PBXTargetDependency section */

/* Begin XCBuildConfiguration section */
		00E356F61AD99517003FC87E /* Debug */ = {
			isa = XCBuildConfiguration;
			baseConfigurationReference = 6C97AB639B58BBB4B15BBE30 /* Pods-HugulosaoApp-HugulosaoAppTests.debug.xcconfig */;
			buildSettings = {
				BUNDLE_LOADER = "$(TEST_HOST)";
				GCC_PREPROCESSOR_DEFINITIONS = (
					"DEBUG=1",
					"$(inherited)",
				);
				INFOPLIST_FILE = HugulosaoAppTests/Info.plist;
				IPHONEOS_DEPLOYMENT_TARGET = 11.0;
				LD_RUNPATH_SEARCH_PATHS = (
					"$(inherited)",
					"@executable_path/Frameworks",
					"@loader_path/Frameworks",
				);
				OTHER_LDFLAGS = (
					"-ObjC",
					"-lc++",
					"$(inherited)",
				);
				PRODUCT_BUNDLE_IDENTIFIER = "org.reactjs.native.example.$(PRODUCT_NAME:rfc1034identifier)";
				PRODUCT_NAME = "$(TARGET_NAME)";
				TEST_HOST = "$(BUILT_PRODUCTS_DIR)/HugulosaoApp.app/HugulosaoApp";
			};
			name = Debug;
		};
		00E356F71AD99517003FC87E /* Release */ = {
			isa = XCBuildConfiguration;
			baseConfigurationReference = 1D0AE47A65C8663E3B452821 /* Pods-HugulosaoApp-HugulosaoAppTests.release.xcconfig */;
			buildSettings = {
				BUNDLE_LOADER = "$(TEST_HOST)";
				COPY_PHASE_STRIP = NO;
				INFOPLIST_FILE = HugulosaoAppTests/Info.plist;
				IPHONEOS_DEPLOYMENT_TARGET = 11.0;
				LD_RUNPATH_SEARCH_PATHS = (
					"$(inherited)",
					"@executable_path/Frameworks",
					"@loader_path/Frameworks",
				);
				OTHER_LDFLAGS = (
					"-ObjC",
					"-lc++",
					"$(inherited)",
				);
				PRODUCT_BUNDLE_IDENTIFIER = "org.reactjs.native.example.$(PRODUCT_NAME:rfc1034identifier)";
				PRODUCT_NAME = "$(TARGET_NAME)";
				TEST_HOST = "$(BUILT_PRODUCTS_DIR)/HugulosaoApp.app/HugulosaoApp";
			};
			name = Release;
		};
		13B07F941A680F5B00A75B9A /* Debug */ = {
			isa = XCBuildConfiguration;
			baseConfigurationReference = C0A881CF5CF3F2B244570E2A /* Pods-HugulosaoApp.debug.xcconfig */;
			buildSettings = {
				ASSETCATALOG_COMPILER_APPICON_NAME = AppIcon;
				CLANG_ENABLE_MODULES = YES;
				CURRENT_PROJECT_VERSION = 1;
				ENABLE_BITCODE = NO;
				INFOPLIST_FILE = HugulosaoApp/Info.plist;
				LD_RUNPATH_SEARCH_PATHS = (
					"$(inherited)",
					"@executable_path/Frameworks",
				);
				OTHER_LDFLAGS = (
					"$(inherited)",
					"-ObjC",
					"-lc++",
				);
				PRODUCT_BUNDLE_IDENTIFIER = "org.reactjs.native.example.$(PRODUCT_NAME:rfc1034identifier)";
				PRODUCT_NAME = HugulosaoApp;
				SWIFT_OPTIMIZATION_LEVEL = "-Onone";
				SWIFT_VERSION = 5.0;
				VERSIONING_SYSTEM = "apple-generic";
			};
			name = Debug;
		};
		13B07F951A680F5B00A75B9A /* Release */ = {
			isa = XCBuildConfiguration;
			baseConfigurationReference = D00AAFFCFCFDA5787532823F /* Pods-HugulosaoApp.release.xcconfig */;
			buildSettings = {
				ASSETCATALOG_COMPILER_APPICON_NAME = AppIcon;
				CLANG_ENABLE_MODULES = YES;
				CURRENT_PROJECT_VERSION = 1;
				INFOPLIST_FILE = HugulosaoApp/Info.plist;
				LD_RUNPATH_SEARCH_PATHS = (
					"$(inherited)",
					"@executable_path/Frameworks",
				);
				OTHER_LDFLAGS = (
					"$(inherited)",
					"-ObjC",
					"-lc++",
				);
				PRODUCT_BUNDLE_IDENTIFIER = "org.reactjs.native.example.$(PRODUCT_NAME:rfc1034identifier)";
				PRODUCT_NAME = HugulosaoApp;
				SWIFT_VERSION = 5.0;
				VERSIONING_SYSTEM = "apple-generic";
			};
			name = Release;
		};
		83CBBA201A601CBA00E9B192 /* Debug */ = {
			isa = XCBuildConfiguration;
			buildSettings = {
				ALWAYS_SEARCH_USER_PATHS = NO;
				CLANG_ANALYZER_LOCALIZABILITY_NONLOCALIZED = YES;
				CLANG_CXX_LANGUAGE_STANDARD = "gnu++0x";
				CLANG_CXX_LIBRARY = "libc++";
				CLANG_ENABLE_MODULES = YES;
				CLANG_ENABLE_OBJC_ARC = YES;
				CLANG_WARN_BLOCK_CAPTURE_AUTORELEASING = YES;
				CLANG_WARN_BOOL_CONVERSION = YES;
				CLANG_WARN_COMMA = YES;
				CLANG_WARN_CONSTANT_CONVERSION = YES;
				CLANG_WARN_DEPRECATED_OBJC_IMPLEMENTATIONS = YES;
				CLANG_WARN_DIRECT_OBJC_ISA_USAGE = YES_ERROR;
				CLANG_WARN_EMPTY_BODY = YES;
				CLANG_WARN_ENUM_CONVERSION = YES;
				CLANG_WARN_INFINITE_RECURSION = YES;
				CLANG_WARN_INT_CONVERSION = YES;
				CLANG_WARN_NON_LITERAL_NULL_CONVERSION = YES;
				CLANG_WARN_OBJC_IMPLICIT_RETAIN_SELF = YES;
				CLANG_WARN_OBJC_LITERAL_CONVERSION = YES;
				CLANG_WARN_OBJC_ROOT_CLASS = YES_ERROR;
				CLANG_WARN_QUOTED_INCLUDE_IN_FRAMEWORK_HEADER = YES;
				CLANG_WARN_RANGE_LOOP_ANALYSIS = YES;
				CLANG_WARN_STRICT_PROTOTYPES = YES;
				CLANG_WARN_SUSPICIOUS_MOVE = YES;
				CLANG_WARN_UNREACHABLE_CODE = YES;
				CLANG_WARN__DUPLICATE_METHOD_MATCH = YES;
				"CODE_SIGN_IDENTITY[sdk=iphoneos*]" = "iPhone Developer";
				COPY_PHASE_STRIP = NO;
				ENABLE_STRICT_OBJC_MSGSEND = YES;
				ENABLE_TESTABILITY = YES;
				"EXCLUDED_ARCHS[sdk=iphonesimulator*]" = "arm64 ";
				GCC_C_LANGUAGE_STANDARD = gnu99;
				GCC_DYNAMIC_NO_PIC = NO;
				GCC_NO_COMMON_BLOCKS = YES;
				GCC_OPTIMIZATION_LEVEL = 0;
				GCC_PREPROCESSOR_DEFINITIONS = (
					"DEBUG=1",
					"$(inherited)",
				);
				GCC_SYMBOLS_PRIVATE_EXTERN = NO;
				GCC_WARN_64_TO_32_BIT_CONVERSION = YES;
				GCC_WARN_ABOUT_RETURN_TYPE = YES_ERROR;
				GCC_WARN_UNDECLARED_SELECTOR = YES;
				GCC_WARN_UNINITIALIZED_AUTOS = YES_AGGRESSIVE;
				GCC_WARN_UNUSED_FUNCTION = YES;
				GCC_WARN_UNUSED_VARIABLE = YES;
				IPHONEOS_DEPLOYMENT_TARGET = 11.0;
				LD_RUNPATH_SEARCH_PATHS = (
					/usr/lib/swift,
					"$(inherited)",
				);
				LIBRARY_SEARCH_PATHS = (
					"\"$(SDKROOT)/usr/lib/swift\"",
					"\"$(TOOLCHAIN_DIR)/usr/lib/swift/$(PLATFORM_NAME)\"",
					"\"$(TOOLCHAIN_DIR)/usr/lib/swift-5.0/$(PLATFORM_NAME)\"",
					"\"$(inherited)\"",
				);
				MTL_ENABLE_DEBUG_INFO = YES;
				ONLY_ACTIVE_ARCH = YES;
				SDKROOT = iphoneos;
			};
			name = Debug;
		};
		83CBBA211A601CBA00E9B192 /* Release */ = {
			isa = XCBuildConfiguration;
			buildSettings = {
				ALWAYS_SEARCH_USER_PATHS = NO;
				CLANG_ANALYZER_LOCALIZABILITY_NONLOCALIZED = YES;
				CLANG_CXX_LANGUAGE_STANDARD = "gnu++0x";
				CLANG_CXX_LIBRARY = "libc++";
				CLANG_ENABLE_MODULES = YES;
				CLANG_ENABLE_OBJC_ARC = YES;
				CLANG_WARN_BLOCK_CAPTURE_AUTORELEASING = YES;
				CLANG_WARN_BOOL_CONVERSION = YES;
				CLANG_WARN_COMMA = YES;
				CLANG_WARN_CONSTANT_CONVERSION = YES;
				CLANG_WARN_DEPRECATED_OBJC_IMPLEMENTATIONS = YES;
				CLANG_WARN_DIRECT_OBJC_ISA_USAGE = YES_ERROR;
				CLANG_WARN_EMPTY_BODY = YES;
				CLANG_WARN_ENUM_CONVERSION = YES;
				CLANG_WARN_INFINITE_RECURSION = YES;
				CLANG_WARN_INT_CONVERSION = YES;
				CLANG_WARN_NON_LITERAL_NULL_CONVERSION = YES;
				CLANG_WARN_OBJC_IMPLICIT_RETAIN_SELF = YES;
				CLANG_WARN_OBJC_LITERAL_CONVERSION = YES;
				CLANG_WARN_OBJC_ROOT_CLASS = YES_ERROR;
				CLANG_WARN_QUOTED_INCLUDE_IN_FRAMEWORK_HEADER = YES;
				CLANG_WARN_RANGE_LOOP_ANALYSIS = YES;
				CLANG_WARN_STRICT_PROTOTYPES = YES;
				CLANG_WARN_SUSPICIOUS_MOVE = YES;
				CLANG_WARN_UNREACHABLE_CODE = YES;
				CLANG_WARN__DUPLICATE_METHOD_MATCH = YES;
				"CODE_SIGN_IDENTITY[sdk=iphoneos*]" = "iPhone Developer";
				COPY_PHASE_STRIP = YES;
				ENABLE_NS_ASSERTIONS = NO;
				ENABLE_STRICT_OBJC_MSGSEND = YES;
				"EXCLUDED_ARCHS[sdk=iphonesimulator*]" = "arm64 ";
				GCC_C_LANGUAGE_STANDARD = gnu99;
				GCC_NO_COMMON_BLOCKS = YES;
				GCC_WARN_64_TO_32_BIT_CONVERSION = YES;
				GCC_WARN_ABOUT_RETURN_TYPE = YES_ERROR;
				GCC_WARN_UNDECLARED_SELECTOR = YES;
				GCC_WARN_UNINITIALIZED_AUTOS = YES_AGGRESSIVE;
				GCC_WARN_UNUSED_FUNCTION = YES;
				GCC_WARN_UNUSED_VARIABLE = YES;
				IPHONEOS_DEPLOYMENT_TARGET = 11.0;
				LD_RUNPATH_SEARCH_PATHS = (
					/usr/lib/swift,
					"$(inherited)",
				);
				LIBRARY_SEARCH_PATHS = (
					"\"$(SDKROOT)/usr/lib/swift\"",
					"\"$(TOOLCHAIN_DIR)/usr/lib/swift/$(PLATFORM_NAME)\"",
					"\"$(TOOLCHAIN_DIR)/usr/lib/swift-5.0/$(PLATFORM_NAME)\"",
					"\"$(inherited)\"",
				);
				MTL_ENABLE_DEBUG_INFO = NO;
				SDKROOT = iphoneos;
				VALIDATE_PRODUCT = YES;
			};
			name = Release;
		};
/* End XCBuildConfiguration section */

/* Begin XCConfigurationList section */
		00E357021AD99517003FC87E /* Build configuration list for PBXNativeTarget "HugulosaoAppTests" */ = {
			isa = XCConfigurationList;
			buildConfigurations = (
				00E356F61AD99517003FC87E /* Debug */,
				00E356F71AD99517003FC87E /* Release */,
			);
			defaultConfigurationIsVisible = 0;
			defaultConfigurationName = Release;
		};
		13B07F931A680F5B00A75B9A /* Build configuration list for PBXNativeTarget "HugulosaoApp" */ = {
			isa = XCConfigurationList;
			buildConfigurations = (
				13B07F941A680F5B00A75B9A /* Debug */,
				13B07F951A680F5B00A75B9A /* Release */,
			);
			defaultConfigurationIsVisible = 0;
			defaultConfigurationName = Release;
		};
		83CBB9FA1A601CBA00E9B192 /* Build configuration list for PBXProject "HugulosaoApp" */ = {
			isa = XCConfigurationList;
			buildConfigurations = (
				83CBBA201A601CBA00E9B192 /* Debug */,
				83CBBA211A601CBA00E9B192 /* Release */,
			);
			defaultConfigurationIsVisible = 0;
			defaultConfigurationName = Release;
		};
/* End XCConfigurationList section */
	};
	rootObject = 83CBB9F71A601CBA00E9B192 /* Project object */;
}
